
Microsoft Visual Studio Solution File, Format Version 12.00
# Visual Studio 2017
Project("{FAE04EC0-301F-11D3-BF4B-00C04F79EFBC}") = "VRDeadShooter", "VRDeadShooter.csproj", "{0CFCF7DD-DA45-583C-E0AD-BD2CEDF407FA}"
EndProject
Project("{FAE04EC0-301F-11D3-BF4B-00C04F79EFBC}") = "VRDeadShooter.Editor", "VRDeadShooter.Editor.csproj", "{E029F003-1B99-D9A8-5BE6-5307EBA5AC63}"
EndProject
Global
	GlobalSection(SolutionConfigurationPlatforms) = preSolution
		Debug|Any CPU = Debug|Any CPU
		Release|Any CPU = Release|Any CPU
	EndGlobalSection
	GlobalSection(ProjectConfigurationPlatforms) = postSolution
		{0CFCF7DD-DA45-583C-E0AD-BD2CEDF407FA}.Debug|Any CPU.ActiveCfg = Debug|Any CPU
		{0CFCF7DD-DA45-583C-E0AD-BD2CEDF407FA}.Debug|Any CPU.Build.0 = Debug|Any CPU
		{0CFCF7DD-DA45-583C-E0AD-BD2CEDF407FA}.Release|Any CPU.ActiveCfg = Release|Any CPU
		{0CFCF7DD-DA45-583C-E0AD-BD2CEDF407FA}.Release|Any CPU.Build.0 = Release|Any CPU
		{E029F003-1B99-D9A8-5BE6-5307EBA5AC63}.Debug|Any CPU.ActiveCfg = Debug|Any CPU
		{E029F003-1B99-D9A8-5BE6-5307EBA5AC63}.Debug|Any CPU.Build.0 = Debug|Any CPU
		{E029F003-1B99-D9A8-5BE6-5307EBA5AC63}.Release|Any CPU.ActiveCfg = Release|Any CPU
		{E029F003-1B99-D9A8-5BE6-5307EBA5AC63}.Release|Any CPU.Build.0 = Release|Any CPU
	EndGlobalSection
	GlobalSection(SolutionProperties) = preSolution
		HideSolutionNode = FALSE
	EndGlobalSection
EndGlobal
